
Microsoft Visual Studio Solution File, Format Version 12.00
# Visual Studio Version 16
VisualStudioVersion = 16.0.32602.291
MinimumVisualStudioVersion = 10.0.40219.1
Project("{FAE04EC0-301F-11D3-BF4B-00C04F79EFBC}") = "Implicit Explicit Practice", "Implicit Explicit Practice\Implicit Explicit Practice.csproj", "{5F400EAC-22A8-4DFB-8003-83A471A33740}"
EndProject
Global
	GlobalSection(SolutionConfigurationPlatforms) = preSolution
		Debug|Any CPU = Debug|Any CPU
		Release|Any CPU = Release|Any CPU
	EndGlobalSection
	GlobalSection(ProjectConfigurationPlatforms) = postSolution
		{5F400EAC-22A8-4DFB-8003-83A471A33740}.Debug|Any CPU.ActiveCfg = Debug|Any CPU
		{5F400EAC-22A8-4DFB-8003-83A471A33740}.Debug|Any CPU.Build.0 = Debug|Any CPU
		{5F400EAC-22A8-4DFB-8003-83A471A33740}.Release|Any CPU.ActiveCfg = Release|Any CPU
		{5F400EAC-22A8-4DFB-8003-83A471A33740}.Release|Any CPU.Build.0 = Release|Any CPU
	EndGlobalSection
	GlobalSection(SolutionProperties) = preSolution
		HideSolutionNode = FALSE
	EndGlobalSection
	GlobalSection(ExtensibilityGlobals) = postSolution
		SolutionGuid = {1116E6AB-51C8-4980-A055-83E1F0E38675}
	EndGlobalSection
EndGlobal
